
Microsoft Visual Studio Solution File, Format Version 12.00
# Visual Studio Version 16
VisualStudioVersion = 16.0.30711.63
MinimumVisualStudioVersion = 10.0.40219.1
Project("{F184B08F-C81C-45F6-A57F-5ABD9991F28F}") = "SistemaTurnos", "SistemaTurnos\SistemaTurnos.vbproj", "{0645ED2D-9D3C-4FFD-935E-8EC4A16F6934}"
EndProject
Global
	GlobalSection(SolutionConfigurationPlatforms) = preSolution
		Debug|Any CPU = Debug|Any CPU
		Release|Any CPU = Release|Any CPU
	EndGlobalSection
	GlobalSection(ProjectConfigurationPlatforms) = postSolution
		{0645ED2D-9D3C-4FFD-935E-8EC4A16F6934}.Debug|Any CPU.ActiveCfg = Debug|Any CPU
		{0645ED2D-9D3C-4FFD-935E-8EC4A16F6934}.Debug|Any CPU.Build.0 = Debug|Any CPU
		{0645ED2D-9D3C-4FFD-935E-8EC4A16F6934}.Release|Any CPU.ActiveCfg = Release|Any CPU
		{0645ED2D-9D3C-4FFD-935E-8EC4A16F6934}.Release|Any CPU.Build.0 = Release|Any CPU
	EndGlobalSection
	GlobalSection(SolutionProperties) = preSolution
		HideSolutionNode = FALSE
	EndGlobalSection
	GlobalSection(ExtensibilityGlobals) = postSolution
		SolutionGuid = {CC306E79-5EFA-45DE-80AC-DED1CC4D890F}
	EndGlobalSection
EndGlobal
